
Microsoft Visual Studio Solution File, Format Version 12.00
# Visual Studio Version 16
VisualStudioVersion = 16.0.29728.190
MinimumVisualStudioVersion = 10.0.40219.1
Project("{FAE04EC0-301F-11D3-BF4B-00C04F79EFBC}") = "TeknikEnvanter3", "TeknikEnvanter3\TeknikEnvanter3.csproj", "{BE481D7A-B067-4DE0-B413-239B6158BE6D}"
EndProject
Global
	GlobalSection(SolutionConfigurationPlatforms) = preSolution
		Debug|Any CPU = Debug|Any CPU
		Release|Any CPU = Release|Any CPU
	EndGlobalSection
	GlobalSection(ProjectConfigurationPlatforms) = postSolution
		{BE481D7A-B067-4DE0-B413-239B6158BE6D}.Debug|Any CPU.ActiveCfg = Debug|Any CPU
		{BE481D7A-B067-4DE0-B413-239B6158BE6D}.Debug|Any CPU.Build.0 = Debug|Any CPU
		{BE481D7A-B067-4DE0-B413-239B6158BE6D}.Release|Any CPU.ActiveCfg = Release|Any CPU
		{BE481D7A-B067-4DE0-B413-239B6158BE6D}.Release|Any CPU.Build.0 = Release|Any CPU
	EndGlobalSection
	GlobalSection(SolutionProperties) = preSolution
		HideSolutionNode = FALSE
	EndGlobalSection
	GlobalSection(ExtensibilityGlobals) = postSolution
		SolutionGuid = {637AFB19-8B60-47B7-83D5-14942C4C1493}
	EndGlobalSection
EndGlobal
