
Microsoft Visual Studio Solution File, Format Version 12.00
# Visual Studio Version 16
VisualStudioVersion = 16.0.29728.190
MinimumVisualStudioVersion = 10.0.40219.1
Project("{FAE04EC0-301F-11D3-BF4B-00C04F79EFBC}") = "TeknikEnvanter2", "TeknikEnvanter2\TeknikEnvanter2.csproj", "{137A027B-1DF0-4343-BEEB-0CFC7B7A41A6}"
EndProject
Global
	GlobalSection(SolutionConfigurationPlatforms) = preSolution
		Debug|Any CPU = Debug|Any CPU
		Release|Any CPU = Release|Any CPU
	EndGlobalSection
	GlobalSection(ProjectConfigurationPlatforms) = postSolution
		{137A027B-1DF0-4343-BEEB-0CFC7B7A41A6}.Debug|Any CPU.ActiveCfg = Debug|Any CPU
		{137A027B-1DF0-4343-BEEB-0CFC7B7A41A6}.Debug|Any CPU.Build.0 = Debug|Any CPU
		{137A027B-1DF0-4343-BEEB-0CFC7B7A41A6}.Release|Any CPU.ActiveCfg = Release|Any CPU
		{137A027B-1DF0-4343-BEEB-0CFC7B7A41A6}.Release|Any CPU.Build.0 = Release|Any CPU
	EndGlobalSection
	GlobalSection(SolutionProperties) = preSolution
		HideSolutionNode = FALSE
	EndGlobalSection
	GlobalSection(ExtensibilityGlobals) = postSolution
		SolutionGuid = {1491F887-4FF9-4CE8-A3C5-033A44F00FE4}
	EndGlobalSection
EndGlobal
